{
  "version": 4,
  "terraform_version": "1.14.4",
  "serial": 128,
  "lineage": "11afdac2-3305-07e8-ea3c-8d9713707c87",
  "outputs": {},
  "resources": [
    {
      "module": "module.azurerm_linux_virtual_machine",
      "mode": "data",
      "type": "azurerm_network_interface",
      "name": "nic",
      "provider": "provider[\"registry.terraform.io/hashicorp/azurerm\"]",
      "instances": [
        {
          "index_key": "vm1",
          "schema_version": 0,
          "attributes": {
            "accelerated_networking_enabled": false,
            "applied_dns_servers": [],
            "dns_servers": [],
            "id": "/subscriptions/0183c8b5-5d3f-4b6c-8d7f-134936695325/resourceGroups/prodrg/providers/Microsoft.Network/networkInterfaces/network_interface_ip1",
            "internal_dns_name_label": "",
            "ip_configuration": [
              {
                "application_gateway_backend_address_pools_ids": [],
                "application_security_group_ids": [],
                "gateway_load_balancer_frontend_ip_configuration_id": "",
                "load_balancer_backend_address_pools_ids": [],
                "load_balancer_inbound_nat_rules_ids": [],
                "name": "Internal",
                "primary": true,
                "private_ip_address": "10.0.1.4",
                "private_ip_address_allocation": "Dynamic",
                "private_ip_address_version": "IPv4",
                "public_ip_address_id": "/subscriptions/0183c8b5-5d3f-4b6c-8d7f-134936695325/resourceGroups/prodrg/providers/Microsoft.Network/publicIPAddresses/AcceptedpublicIP1",
                "subnet_id": "/subscriptions/0183c8b5-5d3f-4b6c-8d7f-134936695325/resourceGroups/prodrg/providers/Microsoft.Network/virtualNetworks/prodvirtual_network/subnets/frontendsubnet"
              }
            ],
            "ip_forwarding_enabled": false,
            "location": "centralindia",
            "mac_address": "",
            "name": "network_interface_ip1",
            "network_security_group_id": "",
            "private_ip_address": "10.0.1.4",
            "private_ip_addresses": [
              "10.0.1.4"
            ],
            "resource_group_name": "prodrg",
            "tags": {},
            "timeouts": null,
            "virtual_machine_id": ""
          },
          "sensitive_attributes": [],
          "identity_schema_version": 0
        }
      ]
    },
    {
      "module": "module.azurerm_linux_virtual_machine",
      "mode": "data",
      "type": "azurerm_subnet",
      "name": "subnets",
      "provider": "provider[\"registry.terraform.io/hashicorp/azurerm\"]",
      "instances": [
        {
          "index_key": "vm1",
          "schema_version": 0,
          "attributes": {
            "address_prefix": "10.0.1.0/24",
            "address_prefixes": [
              "10.0.1.0/24"
            ],
            "default_outbound_access_enabled": true,
            "id": "/subscriptions/0183c8b5-5d3f-4b6c-8d7f-134936695325/resourceGroups/prodrg/providers/Microsoft.Network/virtualNetworks/prodvirtual_network/subnets/frontendsubnet",
            "name": "frontendsubnet",
            "network_security_group_id": "",
            "private_endpoint_network_policies": "Disabled",
            "private_link_service_network_policies_enabled": true,
            "resource_group_name": "prodrg",
            "route_table_id": "",
            "service_endpoints": [],
            "timeouts": null,
            "virtual_network_name": "prodvirtual_network"
          },
          "sensitive_attributes": [],
          "identity_schema_version": 0
        }
      ]
    },
    {
      "module": "module.azurerm_linux_virtual_machine",
      "mode": "managed",
      "type": "azurerm_linux_virtual_machine",
      "name": "vm",
      "provider": "provider[\"registry.terraform.io/hashicorp/azurerm\"]",
      "instances": [
        {
          "index_key": "vm1",
          "schema_version": 0,
          "attributes": {
            "additional_capabilities": [],
            "admin_password": "Admin@123456",
            "admin_ssh_key": [],
            "admin_username": "adminuser",
            "allow_extension_operations": true,
            "availability_set_id": "",
            "boot_diagnostics": [],
            "bypass_platform_safety_checks_on_user_schedule_enabled": false,
            "capacity_reservation_group_id": "",
            "computer_name": "linuxVM",
            "custom_data": null,
            "dedicated_host_group_id": "",
            "dedicated_host_id": "",
            "disable_password_authentication": false,
            "disk_controller_type": "SCSI",
            "edge_zone": "",
            "encryption_at_host_enabled": false,
            "eviction_policy": "",
            "extensions_time_budget": "PT1H30M",
            "gallery_application": [],
            "id": "/subscriptions/0183c8b5-5d3f-4b6c-8d7f-134936695325/resourceGroups/prodrg/providers/Microsoft.Compute/virtualMachines/linuxVM",
            "identity": [],
            "license_type": "",
            "location": "centralindia",
            "max_bid_price": -1,
            "name": "linuxVM",
            "network_interface_ids": [
              "/subscriptions/0183c8b5-5d3f-4b6c-8d7f-134936695325/resourceGroups/prodrg/providers/Microsoft.Network/networkInterfaces/network_interface_ip1"
            ],
            "os_disk": [
              {
                "caching": "ReadWrite",
                "diff_disk_settings": [],
                "disk_encryption_set_id": "",
                "disk_size_gb": 30,
                "id": "/subscriptions/0183c8b5-5d3f-4b6c-8d7f-134936695325/resourceGroups/prodrg/providers/Microsoft.Compute/disks/linuxVM_disk1_bd46bd7c4d0e4543bb7989d6a4a3563f",
                "name": "linuxVM_disk1_bd46bd7c4d0e4543bb7989d6a4a3563f",
                "secure_vm_disk_encryption_set_id": "",
                "security_encryption_type": "",
                "storage_account_type": "Standard_LRS",
                "write_accelerator_enabled": false
              }
            ],
            "os_image_notification": [],
            "os_managed_disk_id": "/subscriptions/0183c8b5-5d3f-4b6c-8d7f-134936695325/resourceGroups/prodrg/providers/Microsoft.Compute/disks/linuxVM_disk1_bd46bd7c4d0e4543bb7989d6a4a3563f",
            "patch_assessment_mode": "ImageDefault",
            "patch_mode": "ImageDefault",
            "plan": [],
            "platform_fault_domain": -1,
            "priority": "Regular",
            "private_ip_address": "10.0.1.4",
            "private_ip_addresses": [
              "10.0.1.4"
            ],
            "provision_vm_agent": true,
            "proximity_placement_group_id": "",
            "public_ip_address": "20.219.2.188",
            "public_ip_addresses": [
              "20.219.2.188"
            ],
            "reboot_setting": "",
            "resource_group_name": "prodrg",
            "secret": [],
            "secure_boot_enabled": false,
            "size": "Standard_D2s_v3",
            "source_image_id": "",
            "source_image_reference": [
              {
                "offer": "ubuntu-24_04-lts",
                "publisher": "Canonical",
                "sku": "server",
                "version": "latest"
              }
            ],
            "tags": null,
            "termination_notification": null,
            "timeouts": null,
            "user_data": "",
            "virtual_machine_id": "af0c5a27-1166-416f-a6fc-bbfd6c396332",
            "virtual_machine_scale_set_id": "",
            "vm_agent_platform_updates_enabled": false,
            "vtpm_enabled": false,
            "zone": ""
          },
          "sensitive_attributes": [
            [
              {
                "type": "get_attr",
                "value": "admin_password"
              }
            ],
            [
              {
                "type": "get_attr",
                "value": "custom_data"
              }
            ]
          ],
          "identity_schema_version": 0,
          "private": "eyJlMmJmYjczMC1lY2FhLTExZTYtOGY4OC0zNDM2M2JjN2M0YzAiOnsiY3JlYXRlIjoyNzAwMDAwMDAwMDAwLCJkZWxldGUiOjI3MDAwMDAwMDAwMDAsInJlYWQiOjMwMDAwMDAwMDAwMCwidXBkYXRlIjoyNzAwMDAwMDAwMDAwfX0=",
          "dependencies": [
            "module.azurerm_linux_virtual_machine.data.azurerm_network_interface.nic",
            "module.azurerm_network_interface.azurerm_network_interface.nic",
            "module.azurerm_network_interface.data.azurerm_public_ip.pip",
            "module.azurerm_network_interface.data.azurerm_subnet.subnet",
            "module.azurerm_public_ip.azurerm_public_ip.pip",
            "module.azurerm_resource_group.azurerm_resource_group.rgname",
            "module.azurerm_subnet.azurerm_subnet.subnets",
            "module.azurerm_virtual_network.azurerm_virtual_network.vnetname"
          ]
        }
      ]
    },
    {
      "module": "module.azurerm_network_interface",
      "mode": "data",
      "type": "azurerm_public_ip",
      "name": "pip",
      "provider": "provider[\"registry.terraform.io/hashicorp/azurerm\"]",
      "instances": [
        {
          "index_key": "nic1",
          "schema_version": 0,
          "attributes": {
            "allocation_method": "Static",
            "ddos_protection_mode": "VirtualNetworkInherited",
            "ddos_protection_plan_id": null,
            "domain_name_label": "",
            "fqdn": "",
            "id": "/subscriptions/0183c8b5-5d3f-4b6c-8d7f-134936695325/resourceGroups/prodrg/providers/Microsoft.Network/publicIPAddresses/AcceptedpublicIP1",
            "idle_timeout_in_minutes": 4,
            "ip_address": "20.219.2.188",
            "ip_tags": {},
            "ip_version": "IPv4",
            "location": "centralindia",
            "name": "AcceptedpublicIP1",
            "resource_group_name": "prodrg",
            "reverse_fqdn": "",
            "sku": "Standard",
            "tags": {},
            "timeouts": null,
            "zones": []
          },
          "sensitive_attributes": [],
          "identity_schema_version": 0
        },
        {
          "index_key": "nic2",
          "schema_version": 0,
          "attributes": {
            "allocation_method": "Static",
            "ddos_protection_mode": "VirtualNetworkInherited",
            "ddos_protection_plan_id": null,
            "domain_name_label": "",
            "fqdn": "",
            "id": "/subscriptions/0183c8b5-5d3f-4b6c-8d7f-134936695325/resourceGroups/prodrg/providers/Microsoft.Network/publicIPAddresses/AcceptedpublicIP2",
            "idle_timeout_in_minutes": 4,
            "ip_address": "20.197.56.236",
            "ip_tags": {},
            "ip_version": "IPv4",
            "location": "centralindia",
            "name": "AcceptedpublicIP2",
            "resource_group_name": "prodrg",
            "reverse_fqdn": "",
            "sku": "Standard",
            "tags": {},
            "timeouts": null,
            "zones": []
          },
          "sensitive_attributes": [],
          "identity_schema_version": 0
        }
      ]
    },
    {
      "module": "module.azurerm_network_interface",
      "mode": "data",
      "type": "azurerm_subnet",
      "name": "subnet",
      "provider": "provider[\"registry.terraform.io/hashicorp/azurerm\"]",
      "instances": [
        {
          "index_key": "nic1",
          "schema_version": 0,
          "attributes": {
            "address_prefix": "10.0.1.0/24",
            "address_prefixes": [
              "10.0.1.0/24"
            ],
            "default_outbound_access_enabled": true,
            "id": "/subscriptions/0183c8b5-5d3f-4b6c-8d7f-134936695325/resourceGroups/prodrg/providers/Microsoft.Network/virtualNetworks/prodvirtual_network/subnets/frontendsubnet",
            "name": "frontendsubnet",
            "network_security_group_id": "",
            "private_endpoint_network_policies": "Disabled",
            "private_link_service_network_policies_enabled": true,
            "resource_group_name": "prodrg",
            "route_table_id": "",
            "service_endpoints": [],
            "timeouts": null,
            "virtual_network_name": "prodvirtual_network"
          },
          "sensitive_attributes": [],
          "identity_schema_version": 0
        },
        {
          "index_key": "nic2",
          "schema_version": 0,
          "attributes": {
            "address_prefix": "10.0.2.0/24",
            "address_prefixes": [
              "10.0.2.0/24"
            ],
            "default_outbound_access_enabled": true,
            "id": "/subscriptions/0183c8b5-5d3f-4b6c-8d7f-134936695325/resourceGroups/prodrg/providers/Microsoft.Network/virtualNetworks/prodvirtual_network/subnets/backendsubnet",
            "name": "backendsubnet",
            "network_security_group_id": "",
            "private_endpoint_network_policies": "Disabled",
            "private_link_service_network_policies_enabled": true,
            "resource_group_name": "prodrg",
            "route_table_id": "",
            "service_endpoints": [],
            "timeouts": null,
            "virtual_network_name": "prodvirtual_network"
          },
          "sensitive_attributes": [],
          "identity_schema_version": 0
        }
      ]
    },
    {
      "module": "module.azurerm_network_interface",
      "mode": "managed",
      "type": "azurerm_network_interface",
      "name": "nic",
      "provider": "provider[\"registry.terraform.io/hashicorp/azurerm\"]",
      "instances": [
        {
          "index_key": "nic1",
          "schema_version": 0,
          "attributes": {
            "accelerated_networking_enabled": false,
            "applied_dns_servers": [],
            "auxiliary_mode": "",
            "auxiliary_sku": "",
            "dns_servers": null,
            "edge_zone": "",
            "id": "/subscriptions/0183c8b5-5d3f-4b6c-8d7f-134936695325/resourceGroups/prodrg/providers/Microsoft.Network/networkInterfaces/network_interface_ip1",
            "internal_dns_name_label": "",
            "internal_domain_name_suffix": "tn1vrzizsemeljbaromyt5ba5d.rx.internal.cloudapp.net",
            "ip_configuration": [
              {
                "gateway_load_balancer_frontend_ip_configuration_id": "",
                "name": "Internal",
                "primary": true,
                "private_ip_address": "10.0.1.4",
                "private_ip_address_allocation": "Dynamic",
                "private_ip_address_version": "IPv4",
                "public_ip_address_id": "/subscriptions/0183c8b5-5d3f-4b6c-8d7f-134936695325/resourceGroups/prodrg/providers/Microsoft.Network/publicIPAddresses/AcceptedpublicIP1",
                "subnet_id": "/subscriptions/0183c8b5-5d3f-4b6c-8d7f-134936695325/resourceGroups/prodrg/providers/Microsoft.Network/virtualNetworks/prodvirtual_network/subnets/frontendsubnet"
              }
            ],
            "ip_forwarding_enabled": false,
            "location": "centralindia",
            "mac_address": "",
            "name": "network_interface_ip1",
            "private_ip_address": "10.0.1.4",
            "private_ip_addresses": [
              "10.0.1.4"
            ],
            "resource_group_name": "prodrg",
            "tags": null,
            "timeouts": null,
            "virtual_machine_id": ""
          },
          "sensitive_attributes": [],
          "identity_schema_version": 0,
          "identity": {
            "name": "network_interface_ip1",
            "resource_group_name": "prodrg",
            "subscription_id": "0183c8b5-5d3f-4b6c-8d7f-134936695325"
          },
          "private": "eyJlMmJmYjczMC1lY2FhLTExZTYtOGY4OC0zNDM2M2JjN2M0YzAiOnsiY3JlYXRlIjoxODAwMDAwMDAwMDAwLCJkZWxldGUiOjE4MDAwMDAwMDAwMDAsInJlYWQiOjMwMDAwMDAwMDAwMCwidXBkYXRlIjoxODAwMDAwMDAwMDAwfX0=",
          "dependencies": [
            "module.azurerm_network_interface.data.azurerm_public_ip.pip",
            "module.azurerm_network_interface.data.azurerm_subnet.subnet",
            "module.azurerm_public_ip.azurerm_public_ip.pip",
            "module.azurerm_resource_group.azurerm_resource_group.rgname",
            "module.azurerm_subnet.azurerm_subnet.subnets",
            "module.azurerm_virtual_network.azurerm_virtual_network.vnetname"
          ]
        },
        {
          "index_key": "nic2",
          "schema_version": 0,
          "attributes": {
            "accelerated_networking_enabled": false,
            "applied_dns_servers": [],
            "auxiliary_mode": "",
            "auxiliary_sku": "",
            "dns_servers": null,
            "edge_zone": "",
            "id": "/subscriptions/0183c8b5-5d3f-4b6c-8d7f-134936695325/resourceGroups/prodrg/providers/Microsoft.Network/networkInterfaces/network_interface_ip2",
            "internal_dns_name_label": "",
            "internal_domain_name_suffix": "tn1vrzizsemeljbaromyt5ba5d.rx.internal.cloudapp.net",
            "ip_configuration": [
              {
                "gateway_load_balancer_frontend_ip_configuration_id": "",
                "name": "External",
                "primary": true,
                "private_ip_address": "10.0.2.4",
                "private_ip_address_allocation": "Dynamic",
                "private_ip_address_version": "IPv4",
                "public_ip_address_id": "/subscriptions/0183c8b5-5d3f-4b6c-8d7f-134936695325/resourceGroups/prodrg/providers/Microsoft.Network/publicIPAddresses/AcceptedpublicIP2",
                "subnet_id": "/subscriptions/0183c8b5-5d3f-4b6c-8d7f-134936695325/resourceGroups/prodrg/providers/Microsoft.Network/virtualNetworks/prodvirtual_network/subnets/backendsubnet"
              }
            ],
            "ip_forwarding_enabled": false,
            "location": "centralindia",
            "mac_address": "",
            "name": "network_interface_ip2",
            "private_ip_address": "10.0.2.4",
            "private_ip_addresses": [
              "10.0.2.4"
            ],
            "resource_group_name": "prodrg",
            "tags": null,
            "timeouts": null,
            "virtual_machine_id": ""
          },
          "sensitive_attributes": [],
          "identity_schema_version": 0,
          "identity": {
            "name": "network_interface_ip2",
            "resource_group_name": "prodrg",
            "subscription_id": "0183c8b5-5d3f-4b6c-8d7f-134936695325"
          },
          "private": "eyJlMmJmYjczMC1lY2FhLTExZTYtOGY4OC0zNDM2M2JjN2M0YzAiOnsiY3JlYXRlIjoxODAwMDAwMDAwMDAwLCJkZWxldGUiOjE4MDAwMDAwMDAwMDAsInJlYWQiOjMwMDAwMDAwMDAwMCwidXBkYXRlIjoxODAwMDAwMDAwMDAwfX0=",
          "dependencies": [
            "module.azurerm_network_interface.data.azurerm_public_ip.pip",
            "module.azurerm_network_interface.data.azurerm_subnet.subnet",
            "module.azurerm_public_ip.azurerm_public_ip.pip",
            "module.azurerm_resource_group.azurerm_resource_group.rgname",
            "module.azurerm_subnet.azurerm_subnet.subnets",
            "module.azurerm_virtual_network.azurerm_virtual_network.vnetname"
          ]
        }
      ]
    },
    {
      "module": "module.azurerm_public_ip",
      "mode": "managed",
      "type": "azurerm_public_ip",
      "name": "pip",
      "provider": "provider[\"registry.terraform.io/hashicorp/azurerm\"]",
      "instances": [
        {
          "index_key": "public_ip1",
          "schema_version": 0,
          "attributes": {
            "allocation_method": "Static",
            "ddos_protection_mode": "VirtualNetworkInherited",
            "ddos_protection_plan_id": null,
            "domain_name_label": "",
            "domain_name_label_scope": "",
            "edge_zone": "",
            "fqdn": "",
            "id": "/subscriptions/0183c8b5-5d3f-4b6c-8d7f-134936695325/resourceGroups/prodrg/providers/Microsoft.Network/publicIPAddresses/AcceptedpublicIP1",
            "idle_timeout_in_minutes": 4,
            "ip_address": "20.219.2.188",
            "ip_tags": null,
            "ip_version": "IPv4",
            "location": "centralindia",
            "name": "AcceptedpublicIP1",
            "public_ip_prefix_id": null,
            "resource_group_name": "prodrg",
            "reverse_fqdn": "",
            "sku": "Standard",
            "sku_tier": "Regional",
            "tags": null,
            "timeouts": null,
            "zones": null
          },
          "sensitive_attributes": [],
          "identity_schema_version": 0,
          "identity": {
            "name": "AcceptedpublicIP1",
            "resource_group_name": "prodrg",
            "subscription_id": "0183c8b5-5d3f-4b6c-8d7f-134936695325"
          },
          "private": "eyJlMmJmYjczMC1lY2FhLTExZTYtOGY4OC0zNDM2M2JjN2M0YzAiOnsiY3JlYXRlIjoxODAwMDAwMDAwMDAwLCJkZWxldGUiOjE4MDAwMDAwMDAwMDAsInJlYWQiOjMwMDAwMDAwMDAwMCwidXBkYXRlIjoxODAwMDAwMDAwMDAwfX0=",
          "dependencies": [
            "module.azurerm_resource_group.azurerm_resource_group.rgname"
          ]
        },
        {
          "index_key": "public_ip2",
          "schema_version": 0,
          "attributes": {
            "allocation_method": "Static",
            "ddos_protection_mode": "VirtualNetworkInherited",
            "ddos_protection_plan_id": null,
            "domain_name_label": "",
            "domain_name_label_scope": "",
            "edge_zone": "",
            "fqdn": "",
            "id": "/subscriptions/0183c8b5-5d3f-4b6c-8d7f-134936695325/resourceGroups/prodrg/providers/Microsoft.Network/publicIPAddresses/AcceptedpublicIP2",
            "idle_timeout_in_minutes": 4,
            "ip_address": "20.197.56.236",
            "ip_tags": null,
            "ip_version": "IPv4",
            "location": "centralindia",
            "name": "AcceptedpublicIP2",
            "public_ip_prefix_id": null,
            "resource_group_name": "prodrg",
            "reverse_fqdn": "",
            "sku": "Standard",
            "sku_tier": "Regional",
            "tags": null,
            "timeouts": null,
            "zones": null
          },
          "sensitive_attributes": [],
          "identity_schema_version": 0,
          "identity": {
            "name": "AcceptedpublicIP2",
            "resource_group_name": "prodrg",
            "subscription_id": "0183c8b5-5d3f-4b6c-8d7f-134936695325"
          },
          "private": "eyJlMmJmYjczMC1lY2FhLTExZTYtOGY4OC0zNDM2M2JjN2M0YzAiOnsiY3JlYXRlIjoxODAwMDAwMDAwMDAwLCJkZWxldGUiOjE4MDAwMDAwMDAwMDAsInJlYWQiOjMwMDAwMDAwMDAwMCwidXBkYXRlIjoxODAwMDAwMDAwMDAwfX0=",
          "dependencies": [
            "module.azurerm_resource_group.azurerm_resource_group.rgname"
          ]
        }
      ]
    },
    {
      "module": "module.azurerm_resource_group",
      "mode": "managed",
      "type": "azurerm_resource_group",
      "name": "rgname",
      "provider": "provider[\"registry.terraform.io/hashicorp/azurerm\"]",
      "instances": [
        {
          "index_key": "resourcegroup1",
          "schema_version": 0,
          "attributes": {
            "id": "/subscriptions/0183c8b5-5d3f-4b6c-8d7f-134936695325/resourceGroups/prodrg",
            "location": "centralindia",
            "managed_by": "",
            "name": "prodrg",
            "tags": null,
            "timeouts": null
          },
          "sensitive_attributes": [],
          "identity_schema_version": 0,
          "identity": {
            "name": "prodrg",
            "subscription_id": "0183c8b5-5d3f-4b6c-8d7f-134936695325"
          },
          "private": "eyJlMmJmYjczMC1lY2FhLTExZTYtOGY4OC0zNDM2M2JjN2M0YzAiOnsiY3JlYXRlIjo1NDAwMDAwMDAwMDAwLCJkZWxldGUiOjU0MDAwMDAwMDAwMDAsInJlYWQiOjMwMDAwMDAwMDAwMCwidXBkYXRlIjo1NDAwMDAwMDAwMDAwfX0="
        }
      ]
    },
    {
      "module": "module.azurerm_subnet",
      "mode": "managed",
      "type": "azurerm_subnet",
      "name": "subnets",
      "provider": "provider[\"registry.terraform.io/hashicorp/azurerm\"]",
      "instances": [
        {
          "index_key": "subnet1",
          "schema_version": 0,
          "attributes": {
            "address_prefixes": [
              "10.0.1.0/24"
            ],
            "default_outbound_access_enabled": true,
            "delegation": [],
            "id": "/subscriptions/0183c8b5-5d3f-4b6c-8d7f-134936695325/resourceGroups/prodrg/providers/Microsoft.Network/virtualNetworks/prodvirtual_network/subnets/frontendsubnet",
            "ip_address_pool": [],
            "name": "frontendsubnet",
            "private_endpoint_network_policies": "Disabled",
            "private_link_service_network_policies_enabled": true,
            "resource_group_name": "prodrg",
            "service_endpoint_policy_ids": null,
            "service_endpoints": null,
            "sharing_scope": "",
            "timeouts": null,
            "virtual_network_name": "prodvirtual_network"
          },
          "sensitive_attributes": [],
          "identity_schema_version": 0,
          "identity": {
            "name": "frontendsubnet",
            "resource_group_name": "prodrg",
            "subscription_id": "0183c8b5-5d3f-4b6c-8d7f-134936695325",
            "virtual_network_name": "prodvirtual_network"
          },
          "private": "eyJlMmJmYjczMC1lY2FhLTExZTYtOGY4OC0zNDM2M2JjN2M0YzAiOnsiY3JlYXRlIjoxODAwMDAwMDAwMDAwLCJkZWxldGUiOjE4MDAwMDAwMDAwMDAsInJlYWQiOjMwMDAwMDAwMDAwMCwidXBkYXRlIjoxODAwMDAwMDAwMDAwfX0=",
          "dependencies": [
            "module.azurerm_resource_group.azurerm_resource_group.rgname",
            "module.azurerm_virtual_network.azurerm_virtual_network.vnetname"
          ]
        },
        {
          "index_key": "subnet2",
          "schema_version": 0,
          "attributes": {
            "address_prefixes": [
              "10.0.2.0/24"
            ],
            "default_outbound_access_enabled": true,
            "delegation": [],
            "id": "/subscriptions/0183c8b5-5d3f-4b6c-8d7f-134936695325/resourceGroups/prodrg/providers/Microsoft.Network/virtualNetworks/prodvirtual_network/subnets/backendsubnet",
            "ip_address_pool": [],
            "name": "backendsubnet",
            "private_endpoint_network_policies": "Disabled",
            "private_link_service_network_policies_enabled": true,
            "resource_group_name": "prodrg",
            "service_endpoint_policy_ids": null,
            "service_endpoints": null,
            "sharing_scope": "",
            "timeouts": null,
            "virtual_network_name": "prodvirtual_network"
          },
          "sensitive_attributes": [],
          "identity_schema_version": 0,
          "identity": {
            "name": "backendsubnet",
            "resource_group_name": "prodrg",
            "subscription_id": "0183c8b5-5d3f-4b6c-8d7f-134936695325",
            "virtual_network_name": "prodvirtual_network"
          },
          "private": "eyJlMmJmYjczMC1lY2FhLTExZTYtOGY4OC0zNDM2M2JjN2M0YzAiOnsiY3JlYXRlIjoxODAwMDAwMDAwMDAwLCJkZWxldGUiOjE4MDAwMDAwMDAwMDAsInJlYWQiOjMwMDAwMDAwMDAwMCwidXBkYXRlIjoxODAwMDAwMDAwMDAwfX0=",
          "dependencies": [
            "module.azurerm_resource_group.azurerm_resource_group.rgname",
            "module.azurerm_virtual_network.azurerm_virtual_network.vnetname"
          ]
        }
      ]
    },
    {
      "module": "module.azurerm_virtual_network",
      "mode": "managed",
      "type": "azurerm_virtual_network",
      "name": "vnetname",
      "provider": "provider[\"registry.terraform.io/hashicorp/azurerm\"]",
      "instances": [
        {
          "index_key": "virtual_network1",
          "schema_version": 0,
          "attributes": {
            "address_space": [
              "10.0.0.0/16"
            ],
            "bgp_community": "",
            "ddos_protection_plan": [],
            "dns_servers": [],
            "edge_zone": "",
            "encryption": [],
            "flow_timeout_in_minutes": 0,
            "guid": "e558779b-9119-4518-a420-8b9989fc20fb",
            "id": "/subscriptions/0183c8b5-5d3f-4b6c-8d7f-134936695325/resourceGroups/prodrg/providers/Microsoft.Network/virtualNetworks/prodvirtual_network",
            "ip_address_pool": [],
            "location": "centralindia",
            "name": "prodvirtual_network",
            "private_endpoint_vnet_policies": "Disabled",
            "resource_group_name": "prodrg",
            "subnet": [],
            "tags": null,
            "timeouts": null
          },
          "sensitive_attributes": [],
          "identity_schema_version": 0,
          "identity": {
            "name": "prodvirtual_network",
            "resource_group_name": "prodrg",
            "subscription_id": "0183c8b5-5d3f-4b6c-8d7f-134936695325"
          },
          "private": "eyJlMmJmYjczMC1lY2FhLTExZTYtOGY4OC0zNDM2M2JjN2M0YzAiOnsiY3JlYXRlIjoxODAwMDAwMDAwMDAwLCJkZWxldGUiOjE4MDAwMDAwMDAwMDAsInJlYWQiOjMwMDAwMDAwMDAwMCwidXBkYXRlIjoxODAwMDAwMDAwMDAwfX0=",
          "dependencies": [
            "module.azurerm_resource_group.azurerm_resource_group.rgname"
          ]
        }
      ]
    },
    {
      "module": "module.azurerm_windows_virtual_machine",
      "mode": "data",
      "type": "azurerm_network_interface",
      "name": "nic",
      "provider": "provider[\"registry.terraform.io/hashicorp/azurerm\"]",
      "instances": [
        {
          "index_key": "vm2",
          "schema_version": 0,
          "attributes": {
            "accelerated_networking_enabled": false,
            "applied_dns_servers": [],
            "dns_servers": [],
            "id": "/subscriptions/0183c8b5-5d3f-4b6c-8d7f-134936695325/resourceGroups/prodrg/providers/Microsoft.Network/networkInterfaces/network_interface_ip2",
            "internal_dns_name_label": "",
            "ip_configuration": [
              {
                "application_gateway_backend_address_pools_ids": [],
                "application_security_group_ids": [],
                "gateway_load_balancer_frontend_ip_configuration_id": "",
                "load_balancer_backend_address_pools_ids": [],
                "load_balancer_inbound_nat_rules_ids": [],
                "name": "External",
                "primary": true,
                "private_ip_address": "10.0.2.4",
                "private_ip_address_allocation": "Dynamic",
                "private_ip_address_version": "IPv4",
                "public_ip_address_id": "/subscriptions/0183c8b5-5d3f-4b6c-8d7f-134936695325/resourceGroups/prodrg/providers/Microsoft.Network/publicIPAddresses/AcceptedpublicIP2",
                "subnet_id": "/subscriptions/0183c8b5-5d3f-4b6c-8d7f-134936695325/resourceGroups/prodrg/providers/Microsoft.Network/virtualNetworks/prodvirtual_network/subnets/backendsubnet"
              }
            ],
            "ip_forwarding_enabled": false,
            "location": "centralindia",
            "mac_address": "",
            "name": "network_interface_ip2",
            "network_security_group_id": "",
            "private_ip_address": "10.0.2.4",
            "private_ip_addresses": [
              "10.0.2.4"
            ],
            "resource_group_name": "prodrg",
            "tags": {},
            "timeouts": null,
            "virtual_machine_id": ""
          },
          "sensitive_attributes": [],
          "identity_schema_version": 0
        }
      ]
    },
    {
      "module": "module.azurerm_windows_virtual_machine",
      "mode": "data",
      "type": "azurerm_subnet",
      "name": "subnets",
      "provider": "provider[\"registry.terraform.io/hashicorp/azurerm\"]",
      "instances": [
        {
          "index_key": "vm2",
          "schema_version": 0,
          "attributes": {
            "address_prefix": "10.0.2.0/24",
            "address_prefixes": [
              "10.0.2.0/24"
            ],
            "default_outbound_access_enabled": true,
            "id": "/subscriptions/0183c8b5-5d3f-4b6c-8d7f-134936695325/resourceGroups/prodrg/providers/Microsoft.Network/virtualNetworks/prodvirtual_network/subnets/backendsubnet",
            "name": "backendsubnet",
            "network_security_group_id": "",
            "private_endpoint_network_policies": "Disabled",
            "private_link_service_network_policies_enabled": true,
            "resource_group_name": "prodrg",
            "route_table_id": "",
            "service_endpoints": [],
            "timeouts": null,
            "virtual_network_name": "prodvirtual_network"
          },
          "sensitive_attributes": [],
          "identity_schema_version": 0
        }
      ]
    },
    {
      "module": "module.azurerm_windows_virtual_machine",
      "mode": "managed",
      "type": "azurerm_windows_virtual_machine",
      "name": "wintel",
      "provider": "provider[\"registry.terraform.io/hashicorp/azurerm\"]",
      "instances": [
        {
          "index_key": "vm2",
          "schema_version": 0,
          "attributes": {
            "additional_capabilities": [],
            "additional_unattend_content": [],
            "admin_password": "P@$$w0rd1234!",
            "admin_username": "adminuser",
            "allow_extension_operations": true,
            "automatic_updates_enabled": true,
            "availability_set_id": "",
            "boot_diagnostics": [],
            "bypass_platform_safety_checks_on_user_schedule_enabled": false,
            "capacity_reservation_group_id": "",
            "computer_name": "windows-machine",
            "custom_data": null,
            "dedicated_host_group_id": "",
            "dedicated_host_id": "",
            "disk_controller_type": "SCSI",
            "edge_zone": "",
            "enable_automatic_updates": true,
            "encryption_at_host_enabled": false,
            "eviction_policy": "",
            "extensions_time_budget": "PT1H30M",
            "gallery_application": [],
            "hotpatching_enabled": false,
            "id": "/subscriptions/0183c8b5-5d3f-4b6c-8d7f-134936695325/resourceGroups/prodrg/providers/Microsoft.Compute/virtualMachines/windows-machine",
            "identity": [],
            "license_type": "",
            "location": "centralindia",
            "max_bid_price": -1,
            "name": "windows-machine",
            "network_interface_ids": [
              "/subscriptions/0183c8b5-5d3f-4b6c-8d7f-134936695325/resourceGroups/prodrg/providers/Microsoft.Network/networkInterfaces/network_interface_ip2"
            ],
            "os_disk": [
              {
                "caching": "ReadWrite",
                "diff_disk_settings": [],
                "disk_encryption_set_id": "",
                "disk_size_gb": 127,
                "id": "/subscriptions/0183c8b5-5d3f-4b6c-8d7f-134936695325/resourceGroups/prodrg/providers/Microsoft.Compute/disks/windows-machine_disk1_3f616507f1074c0fbc45270f991d3cd1",
                "name": "windows-machine_disk1_3f616507f1074c0fbc45270f991d3cd1",
                "secure_vm_disk_encryption_set_id": "",
                "security_encryption_type": "",
                "storage_account_type": "Standard_LRS",
                "write_accelerator_enabled": false
              }
            ],
            "os_image_notification": [],
            "os_managed_disk_id": "/subscriptions/0183c8b5-5d3f-4b6c-8d7f-134936695325/resourceGroups/prodrg/providers/Microsoft.Compute/disks/windows-machine_disk1_3f616507f1074c0fbc45270f991d3cd1",
            "patch_assessment_mode": "ImageDefault",
            "patch_mode": "AutomaticByOS",
            "plan": [],
            "platform_fault_domain": -1,
            "priority": "Regular",
            "private_ip_address": "10.0.2.4",
            "private_ip_addresses": [
              "10.0.2.4"
            ],
            "provision_vm_agent": true,
            "proximity_placement_group_id": "",
            "public_ip_address": "20.197.56.236",
            "public_ip_addresses": [
              "20.197.56.236"
            ],
            "reboot_setting": "",
            "resource_group_name": "prodrg",
            "secret": [],
            "secure_boot_enabled": false,
            "size": "Standard_D2s_v3",
            "source_image_id": "",
            "source_image_reference": [
              {
                "offer": "WindowsServer",
                "publisher": "MicrosoftWindowsServer",
                "sku": "2022-datacenter-azure-edition",
                "version": "latest"
              }
            ],
            "tags": null,
            "termination_notification": null,
            "timeouts": null,
            "timezone": "",
            "user_data": "",
            "virtual_machine_id": "5e226e27-07f6-4f68-b719-7f81a887853d",
            "virtual_machine_scale_set_id": "",
            "vm_agent_platform_updates_enabled": true,
            "vtpm_enabled": false,
            "winrm_listener": [],
            "zone": ""
          },
          "sensitive_attributes": [
            [
              {
                "type": "get_attr",
                "value": "admin_password"
              }
            ],
            [
              {
                "type": "get_attr",
                "value": "custom_data"
              }
            ]
          ],
          "identity_schema_version": 0,
          "private": "eyJlMmJmYjczMC1lY2FhLTExZTYtOGY4OC0zNDM2M2JjN2M0YzAiOnsiY3JlYXRlIjoyNzAwMDAwMDAwMDAwLCJkZWxldGUiOjI3MDAwMDAwMDAwMDAsInJlYWQiOjMwMDAwMDAwMDAwMCwidXBkYXRlIjoyNzAwMDAwMDAwMDAwfX0=",
          "dependencies": [
            "module.azurerm_network_interface.azurerm_network_interface.nic",
            "module.azurerm_network_interface.data.azurerm_public_ip.pip",
            "module.azurerm_network_interface.data.azurerm_subnet.subnet",
            "module.azurerm_public_ip.azurerm_public_ip.pip",
            "module.azurerm_resource_group.azurerm_resource_group.rgname",
            "module.azurerm_subnet.azurerm_subnet.subnets",
            "module.azurerm_virtual_network.azurerm_virtual_network.vnetname",
            "module.azurerm_windows_virtual_machine.data.azurerm_network_interface.nic"
          ]
        }
      ]
    }
  ],
  "check_results": null
}
